
Microsoft Visual Studio Solution File, Format Version 12.00
# Visual Studio Version 17
VisualStudioVersion = 17.14.36811.4 d17.14
MinimumVisualStudioVersion = 10.0.40219.1
Project("{FAE04EC0-301F-11D3-BF4B-00C04F79EFBC}") = "EZPC", "EZPC.csproj", "{13E8000D-3DB8-3D45-44A9-9C829522DDFB}"
EndProject
Global
	GlobalSection(SolutionConfigurationPlatforms) = preSolution
		Debug|Any CPU = Debug|Any CPU
		Release|Any CPU = Release|Any CPU
	EndGlobalSection
	GlobalSection(ProjectConfigurationPlatforms) = postSolution
		{13E8000D-3DB8-3D45-44A9-9C829522DDFB}.Debug|Any CPU.ActiveCfg = Debug|Any CPU
		{13E8000D-3DB8-3D45-44A9-9C829522DDFB}.Debug|Any CPU.Build.0 = Debug|Any CPU
		{13E8000D-3DB8-3D45-44A9-9C829522DDFB}.Release|Any CPU.ActiveCfg = Release|Any CPU
		{13E8000D-3DB8-3D45-44A9-9C829522DDFB}.Release|Any CPU.Build.0 = Release|Any CPU
	EndGlobalSection
	GlobalSection(SolutionProperties) = preSolution
		HideSolutionNode = FALSE
	EndGlobalSection
	GlobalSection(ExtensibilityGlobals) = postSolution
		SolutionGuid = {D9B79A38-D5C6-4365-B2F1-DB1F6AD8CE81}
	EndGlobalSection
EndGlobal
